
Microsoft Visual Studio Solution File, Format Version 12.00
# Visual Studio Version 17
VisualStudioVersion = 17.13.35919.96 d17.13
MinimumVisualStudioVersion = 10.0.40219.1
Project("{FAE04EC0-301F-11D3-BF4B-00C04F79EFBC}") = "In-Memory Caching", "In-Memory Caching\In-Memory Caching.csproj", "{BB94ADF2-9EBA-4686-98E2-7F9FEB50EFFE}"
EndProject
Global
	GlobalSection(SolutionConfigurationPlatforms) = preSolution
		Debug|Any CPU = Debug|Any CPU
		Release|Any CPU = Release|Any CPU
	EndGlobalSection
	GlobalSection(ProjectConfigurationPlatforms) = postSolution
		{BB94ADF2-9EBA-4686-98E2-7F9FEB50EFFE}.Debug|Any CPU.ActiveCfg = Debug|Any CPU
		{BB94ADF2-9EBA-4686-98E2-7F9FEB50EFFE}.Debug|Any CPU.Build.0 = Debug|Any CPU
		{BB94ADF2-9EBA-4686-98E2-7F9FEB50EFFE}.Release|Any CPU.ActiveCfg = Release|Any CPU
		{BB94ADF2-9EBA-4686-98E2-7F9FEB50EFFE}.Release|Any CPU.Build.0 = Release|Any CPU
	EndGlobalSection
	GlobalSection(SolutionProperties) = preSolution
		HideSolutionNode = FALSE
	EndGlobalSection
	GlobalSection(ExtensibilityGlobals) = postSolution
		SolutionGuid = {5ECEF39E-3D51-476A-BFEC-DA83A6573119}
	EndGlobalSection
EndGlobal
